
Microsoft Visual Studio Solution File, Format Version 12.00
# Visual Studio Version 16
VisualStudioVersion = 16.0.31313.79
MinimumVisualStudioVersion = 10.0.40219.1
Project("{FAE04EC0-301F-11D3-BF4B-00C04F79EFBC}") = "Learning_Kendo_Grid", "Learning_Kendo_Grid\Learning_Kendo_Grid.csproj", "{102E9B73-6122-4E06-ADA1-D232AAB0BB44}"
EndProject
Global
	GlobalSection(SolutionConfigurationPlatforms) = preSolution
		Debug|Any CPU = Debug|Any CPU
		Release|Any CPU = Release|Any CPU
	EndGlobalSection
	GlobalSection(ProjectConfigurationPlatforms) = postSolution
		{102E9B73-6122-4E06-ADA1-D232AAB0BB44}.Debug|Any CPU.ActiveCfg = Debug|Any CPU
		{102E9B73-6122-4E06-ADA1-D232AAB0BB44}.Debug|Any CPU.Build.0 = Debug|Any CPU
		{102E9B73-6122-4E06-ADA1-D232AAB0BB44}.Release|Any CPU.ActiveCfg = Release|Any CPU
		{102E9B73-6122-4E06-ADA1-D232AAB0BB44}.Release|Any CPU.Build.0 = Release|Any CPU
	EndGlobalSection
	GlobalSection(SolutionProperties) = preSolution
		HideSolutionNode = FALSE
	EndGlobalSection
	GlobalSection(ExtensibilityGlobals) = postSolution
		SolutionGuid = {CCFA4F7E-EA47-4FD1-B9FC-DC06D02A5D00}
	EndGlobalSection
EndGlobal
